# Test lock for issue #12 (run.py — single run + topology×K sweep, headline
# results).
#
# Pins the git blob SHA (`git hash-object <path>`) of each committed test file
# at the point the human approved this plan. Build's pre-push test-integrity
# guard verifies the file still hashes to this value — Build may add new
# tests, but may not weaken, delete, or reinterpret these ones. A genuine
# change to this test file requires a new Planner-approved lock, not a Build
# edit.
tests/test_results.py  068c45fc247e1c649a13eeca1f9710071c27ecec
