# Test lock for issue #7 (NKLandscape).
#
# Pins the git blob SHA (`git hash-object <path>`) of each committed test file
# at the point the human approved this plan. Build's pre-push test-integrity
# guard verifies the file still hashes to this value — Build may add new
# tests, but may not weaken, delete, or reinterpret these ones. A genuine
# change to this test file requires a new Planner-approved lock, not a Build
# edit.
tests/test_landscape.py  52ede978a5c42b9952b1c90bc719090a9c2b1b10
